# Auto-generated by mcpp. Do not edit by hand.
# Records what this build resolved. It does not yet pin future builds:
# index dependencies are re-resolved from their constraints each time.
# dev-dependencies are excluded: only `mcpp test` resolves them, and this
# file must not change depending on which command ran last.
version = 2

[package."boost.boost"]
version = "23a615338e2bdebd75ad89a30fd39920bfc3d8f2"
source  = "git+https://github.com/ZheFeng7110/boost-module#rev=23a615338e2bdebd75ad89a30fd39920bfc3d8f2"
hash    = "fnv1a:9d3ed9c5303fa7dd"

